Microsoft Visual Studio Solution File, Format Version 12.00
# Visual Studio Version 17
VisualStudioVersion = 17.0.31903.59
MinimumVisualStudioVersion = 10.0.40219.1
Project("{8BC9CEB8-8B4A-11D0-8D11-00A0C91BC942}") = "pixman", "pixman.vcxproj", "{3EB7AFDD-82D5-4F1B-9FBF-64FC8AED3CAC}"
EndProject
Global
	GlobalSection(SolutionConfigurationPlatforms) = preSolution
		vs2022_Debug|x64 = vs2022_Debug|x64
		vs2022_Debug|x86 = vs2022_Debug|x86
		vs2022_Release|x64 = vs2022_Release|x64
		vs2022_Release|x86 = vs2022_Release|x86
	EndGlobalSection
	GlobalSection(ProjectConfigurationPlatforms) = postSolution
		{3EB7AFDD-82D5-4F1B-9FBF-64FC8AED3CAC}.vs2022_Debug|x64.ActiveCfg = vs2022_Debug|x64
		{3EB7AFDD-82D5-4F1B-9FBF-64FC8AED3CAC}.vs2022_Debug|x64.Build.0 = vs2022_Debug|x64
		{3EB7AFDD-82D5-4F1B-9FBF-64FC8AED3CAC}.vs2022_Debug|x86.ActiveCfg = vs2022_Debug|Win32
		{3EB7AFDD-82D5-4F1B-9FBF-64FC8AED3CAC}.vs2022_Debug|x86.Build.0 = vs2022_Debug|Win32
		{3EB7AFDD-82D5-4F1B-9FBF-64FC8AED3CAC}.vs2022_Release|x64.ActiveCfg = vs2022_Release|x64
		{3EB7AFDD-82D5-4F1B-9FBF-64FC8AED3CAC}.vs2022_Release|x64.Build.0 = vs2022_Release|x64
		{3EB7AFDD-82D5-4F1B-9FBF-64FC8AED3CAC}.vs2022_Release|x86.ActiveCfg = vs2022_Release|Win32
		{3EB7AFDD-82D5-4F1B-9FBF-64FC8AED3CAC}.vs2022_Release|x86.Build.0 = vs2022_Release|Win32
	EndGlobalSection
	GlobalSection(SolutionProperties) = preSolution
		HideSolutionNode = FALSE
	EndGlobalSection
	GlobalSection(ExtensibilityGlobals) = postSolution
		SolutionGuid = {058F3B4F-4B73-4232-91BE-284D6B09F898}
	EndGlobalSection
EndGlobal
